
Microsoft Visual Studio Solution File, Format Version 10.00
# Visual Studio 2008
Project("{8BC9CEB8-8B4A-11D0-8D11-00A0C91BC942}") = "Modul1", "Modul1\Modul1.vcproj", "{E4C52703-524A-49C8-8BF5-CB81C2D934AA}"
EndProject
Global
	GlobalSection(SolutionConfigurationPlatforms) = preSolution
		Debug|Win32 = Debug|Win32
		Release|Win32 = Release|Win32
	EndGlobalSection
	GlobalSection(ProjectConfigurationPlatforms) = postSolution
		{E4C52703-524A-49C8-8BF5-CB81C2D934AA}.Debug|Win32.ActiveCfg = Debug|Win32
		{E4C52703-524A-49C8-8BF5-CB81C2D934AA}.Debug|Win32.Build.0 = Debug|Win32
		{E4C52703-524A-49C8-8BF5-CB81C2D934AA}.Release|Win32.ActiveCfg = Release|Win32
		{E4C52703-524A-49C8-8BF5-CB81C2D934AA}.Release|Win32.Build.0 = Release|Win32
	EndGlobalSection
	GlobalSection(SolutionProperties) = preSolution
		HideSolutionNode = FALSE
	EndGlobalSection
EndGlobal
